{
  "name": "firebase-dhedge-manager",
  "version": "1.0.0",
  "lockfileVersion": 2,
  "requires": true,
  "packages": {
    "": {
      "name": "firebase-dhedge-manager",
      "version": "1.0.0",
      "license": "GPL-3.0-or-later",
      "devDependencies": {
        "eslint-plugin-promise": "^5.2.0"
      }
    },
    "node_modules/eslint-plugin-promise": {
      "version": "5.2.0",
      "dev": true,
      "license": "ISC",
      "engines": {
        "node": "^10.12.0 || >=12.0.0"
      },
      "peerDependencies": {
        "eslint": "^7.0.0"
      }
    }
  },
  "dependencies": {
    "eslint-plugin-promise": {
      "version": "5.2.0",
      "dev": true,
      "requires": {}
    }
  }
}
